
Microsoft Visual Studio Solution File, Format Version 11.00
# Visual C++ Express 2010
Project("{8BC9CEB8-8B4A-11D0-8D11-00A0C91BC942}") = "beam_capi", "beam_capi.vcxproj", "{4526AE26-BB1F-43C9-BF24-62C147B6C963}"
EndProject
Project("{8BC9CEB8-8B4A-11D0-8D11-00A0C91BC942}") = "beam_capi_test", "..\beam_capi_test\beam_capi_test.vcxproj", "{68AF1DAC-6AEF-451F-A1C8-044AF1E0B57B}"
	ProjectSection(ProjectDependencies) = postProject
		{4526AE26-BB1F-43C9-BF24-62C147B6C963} = {4526AE26-BB1F-43C9-BF24-62C147B6C963}
	EndProjectSection
EndProject
Project("{8BC9CEB8-8B4A-11D0-8D11-00A0C91BC942}") = "beampy", "..\beampy\beampy.vcxproj", "{4ECF09FB-5160-4C7E-A162-10332EA32F18}"
EndProject
Global
	GlobalSection(SolutionConfigurationPlatforms) = preSolution
		Debug|Win32 = Debug|Win32
		Release|Win32 = Release|Win32
	EndGlobalSection
	GlobalSection(ProjectConfigurationPlatforms) = postSolution
		{4526AE26-BB1F-43C9-BF24-62C147B6C963}.Debug|Win32.ActiveCfg = Debug|Win32
		{4526AE26-BB1F-43C9-BF24-62C147B6C963}.Debug|Win32.Build.0 = Debug|Win32
		{4526AE26-BB1F-43C9-BF24-62C147B6C963}.Release|Win32.ActiveCfg = Release|Win32
		{4526AE26-BB1F-43C9-BF24-62C147B6C963}.Release|Win32.Build.0 = Release|Win32
		{68AF1DAC-6AEF-451F-A1C8-044AF1E0B57B}.Debug|Win32.ActiveCfg = Debug|Win32
		{68AF1DAC-6AEF-451F-A1C8-044AF1E0B57B}.Debug|Win32.Build.0 = Debug|Win32
		{68AF1DAC-6AEF-451F-A1C8-044AF1E0B57B}.Release|Win32.ActiveCfg = Release|Win32
		{68AF1DAC-6AEF-451F-A1C8-044AF1E0B57B}.Release|Win32.Build.0 = Release|Win32
		{4ECF09FB-5160-4C7E-A162-10332EA32F18}.Debug|Win32.ActiveCfg = Debug|Win32
		{4ECF09FB-5160-4C7E-A162-10332EA32F18}.Debug|Win32.Build.0 = Debug|Win32
		{4ECF09FB-5160-4C7E-A162-10332EA32F18}.Release|Win32.ActiveCfg = Release|Win32
		{4ECF09FB-5160-4C7E-A162-10332EA32F18}.Release|Win32.Build.0 = Release|Win32
	EndGlobalSection
	GlobalSection(SolutionProperties) = preSolution
		HideSolutionNode = FALSE
	EndGlobalSection
EndGlobal
